
Microsoft Visual Studio Solution File, Format Version 11.00
# Visual Studio 2010
Project("{FAE04EC0-301F-11D3-BF4B-00C04F79EFBC}") = "2ndDayConApp", "2ndDayConApp\2ndDayConApp.csproj", "{DA941FA6-1566-490B-9A1F-03432B028161}"
EndProject
Project("{FAE04EC0-301F-11D3-BF4B-00C04F79EFBC}") = "Meths", "Meths\Meths.csproj", "{C8E3B5F9-F5BD-4379-B35B-434BE7F0E83D}"
EndProject
Project("{2150E333-8FDC-42A3-9474-1A3956D46DE8}") = "2nd Day", "2nd Day", "{9E2EE29E-1C95-4EC7-8F21-42A7FAD48752}"
EndProject
Project("{2150E333-8FDC-42A3-9474-1A3956D46DE8}") = "3rd Day", "3rd Day", "{32542634-94D7-4B67-AE73-46B3C03D42AB}"
EndProject
Project("{FAE04EC0-301F-11D3-BF4B-00C04F79EFBC}") = "3rdDayConApp", "3rdDayConApp\3rdDayConApp.csproj", "{AC37CF04-6B27-4379-AD2D-B5E6C05D2D86}"
EndProject
Project("{FAE04EC0-301F-11D3-BF4B-00C04F79EFBC}") = "Fileworks", "Fileworks\Fileworks.csproj", "{589CFF39-3224-4D27-B684-6D1875C1498B}"
EndProject
Global
	GlobalSection(SolutionConfigurationPlatforms) = preSolution
		Debug|x86 = Debug|x86
		Release|x86 = Release|x86
	EndGlobalSection
	GlobalSection(ProjectConfigurationPlatforms) = postSolution
		{DA941FA6-1566-490B-9A1F-03432B028161}.Debug|x86.ActiveCfg = Debug|x86
		{DA941FA6-1566-490B-9A1F-03432B028161}.Debug|x86.Build.0 = Debug|x86
		{DA941FA6-1566-490B-9A1F-03432B028161}.Release|x86.ActiveCfg = Release|x86
		{DA941FA6-1566-490B-9A1F-03432B028161}.Release|x86.Build.0 = Release|x86
		{C8E3B5F9-F5BD-4379-B35B-434BE7F0E83D}.Debug|x86.ActiveCfg = Debug|x86
		{C8E3B5F9-F5BD-4379-B35B-434BE7F0E83D}.Debug|x86.Build.0 = Debug|x86
		{C8E3B5F9-F5BD-4379-B35B-434BE7F0E83D}.Release|x86.ActiveCfg = Release|x86
		{C8E3B5F9-F5BD-4379-B35B-434BE7F0E83D}.Release|x86.Build.0 = Release|x86
		{AC37CF04-6B27-4379-AD2D-B5E6C05D2D86}.Debug|x86.ActiveCfg = Debug|x86
		{AC37CF04-6B27-4379-AD2D-B5E6C05D2D86}.Debug|x86.Build.0 = Debug|x86
		{AC37CF04-6B27-4379-AD2D-B5E6C05D2D86}.Release|x86.ActiveCfg = Release|x86
		{AC37CF04-6B27-4379-AD2D-B5E6C05D2D86}.Release|x86.Build.0 = Release|x86
		{589CFF39-3224-4D27-B684-6D1875C1498B}.Debug|x86.ActiveCfg = Debug|x86
		{589CFF39-3224-4D27-B684-6D1875C1498B}.Debug|x86.Build.0 = Debug|x86
		{589CFF39-3224-4D27-B684-6D1875C1498B}.Release|x86.ActiveCfg = Release|x86
		{589CFF39-3224-4D27-B684-6D1875C1498B}.Release|x86.Build.0 = Release|x86
	EndGlobalSection
	GlobalSection(SolutionProperties) = preSolution
		HideSolutionNode = FALSE
	EndGlobalSection
	GlobalSection(NestedProjects) = preSolution
		{DA941FA6-1566-490B-9A1F-03432B028161} = {9E2EE29E-1C95-4EC7-8F21-42A7FAD48752}
		{C8E3B5F9-F5BD-4379-B35B-434BE7F0E83D} = {9E2EE29E-1C95-4EC7-8F21-42A7FAD48752}
		{AC37CF04-6B27-4379-AD2D-B5E6C05D2D86} = {32542634-94D7-4B67-AE73-46B3C03D42AB}
		{589CFF39-3224-4D27-B684-6D1875C1498B} = {32542634-94D7-4B67-AE73-46B3C03D42AB}
	EndGlobalSection
EndGlobal
